// !$*UTF8*$!
{
	archiveVersion = 1;
	classes = {
	};
	objectVersion = 51;
	objects = {

/* Begin PBXBuildFile section */
		265400A7E9601D0B07BFF1DC /* Pods_appNotifications.framework in Frameworks */ = {isa = PBXBuildFile; fileRef = 6E49FF6AEE79530892F81A1E /* Pods_appNotifications.framework */; };
		7BBFC55A23170BAB0017AC47 /* GoogleService-Info.plist in Resources */ = {isa = PBXBuildFile; fileRef = 7BBFC55923170BAB0017AC47 /* GoogleService-Info.plist */; };
		83234CC723158AF600FA2F1B /* AppDelegate.swift in Sources */ = {isa = PBXBuildFile; fileRef = 83234CC623158AF600FA2F1B /* AppDelegate.swift */; };
		83234CC923158AF600FA2F1B /* ViewController.swift in Sources */ = {isa = PBXBuildFile; fileRef = 83234CC823158AF600FA2F1B /* ViewController.swift */; };
		83234CCC23158AF600FA2F1B /* Main.storyboard in Resources */ = {isa = PBXBuildFile; fileRef = 83234CCA23158AF600FA2F1B /* Main.storyboard */; };
		83234CCE23158AF800FA2F1B /* Assets.xcassets in Resources */ = {isa = PBXBuildFile; fileRef = 83234CCD23158AF800FA2F1B /* Assets.xcassets */; };
		83234CD123158AF800FA2F1B /* LaunchScreen.storyboard in Resources */ = {isa = PBXBuildFile; fileRef = 83234CCF23158AF800FA2F1B /* LaunchScreen.storyboard */; };
		83234CDA2315929A00FA2F1B /* PushNotifications.swift in Sources */ = {isa = PBXBuildFile; fileRef = 83234CD92315929A00FA2F1B /* PushNotifications.swift */; };
/* End PBXBuildFile section */

/* Begin PBXFileReference section */
		6E1EACDE18C27C5BEC52C3DA /* Pods-appNotifications.debug.xcconfig */ = {isa = PBXFileReference; includeInIndex = 1; lastKnownFileType = text.xcconfig; name = "Pods-appNotifications.debug.xcconfig"; path = "Target Support Files/Pods-appNotifications/Pods-appNotifications.debug.xcconfig"; sourceTree = "<group>"; };
		6E49FF6AEE79530892F81A1E /* Pods_appNotifications.framework */ = {isa = PBXFileReference; explicitFileType = wrapper.framework; includeInIndex = 0; path = Pods_appNotifications.framework; sourceTree = BUILT_PRODUCTS_DIR; };
		7BBFC55923170BAB0017AC47 /* GoogleService-Info.plist */ = {isa = PBXFileReference; fileEncoding = 4; lastKnownFileType = text.plist.xml; path = "GoogleService-Info.plist"; sourceTree = "<group>"; };
		83234CC323158AF600FA2F1B /* appNotifications.app */ = {isa = PBXFileReference; explicitFileType = wrapper.application; includeInIndex = 0; path = appNotifications.app; sourceTree = BUILT_PRODUCTS_DIR; };
		83234CC623158AF600FA2F1B /* AppDelegate.swift */ = {isa = PBXFileReference; lastKnownFileType = sourcecode.swift; path = AppDelegate.swift; sourceTree = "<group>"; };
		83234CC823158AF600FA2F1B /* ViewController.swift */ = {isa = PBXFileReference; lastKnownFileType = sourcecode.swift; path = ViewController.swift; sourceTree = "<group>"; };
		83234CCB23158AF600FA2F1B /* Base */ = {isa = PBXFileReference; lastKnownFileType = file.storyboard; name = Base; path = Base.lproj/Main.storyboard; sourceTree = "<group>"; };
		83234CCD23158AF800FA2F1B /* Assets.xcassets */ = {isa = PBXFileReference; lastKnownFileType = folder.assetcatalog; path = Assets.xcassets; sourceTree = "<group>"; };
		83234CD023158AF800FA2F1B /* Base */ = {isa = PBXFileReference; lastKnownFileType = file.storyboard; name = Base; path = Base.lproj/LaunchScreen.storyboard; sourceTree = "<group>"; };
		83234CD223158AF800FA2F1B /* Info.plist */ = {isa = PBXFileReference; lastKnownFileType = text.plist.xml; path = Info.plist; sourceTree = "<group>"; };
		83234CD823158E3600FA2F1B /* appNotifications.entitlements */ = {isa = PBXFileReference; lastKnownFileType = text.plist.entitlements; path = appNotifications.entitlements; sourceTree = "<group>"; };
		83234CD92315929A00FA2F1B /* PushNotifications.swift */ = {isa = PBXFileReference; lastKnownFileType = sourcecode.swift; path = PushNotifications.swift; sourceTree = "<group>"; };
		9F8D43F6B960229EB0208473 /* Pods-appNotifications.release.xcconfig */ = {isa = PBXFileReference; includeInIndex = 1; lastKnownFileType = text.xcconfig; name = "Pods-appNotifications.release.xcconfig"; path = "Target Support Files/Pods-appNotifications/Pods-appNotifications.release.xcconfig"; sourceTree = "<group>"; };
/* End PBXFileReference section */

/* Begin PBXFrameworksBuildPhase section */
		83234CC023158AF600FA2F1B /* Frameworks */ = {
			isa = PBXFrameworksBuildPhase;
			buildActionMask = 2147483647;
			files = (
				265400A7E9601D0B07BFF1DC /* Pods_appNotifications.framework in Frameworks */,
			);
			runOnlyForDeploymentPostprocessing = 0;
		};
/* End PBXFrameworksBuildPhase section */

/* Begin PBXGroup section */
		0070397E9E05A54663897BD1 /* Pods */ = {
			isa = PBXGroup;
			children = (
				6E1EACDE18C27C5BEC52C3DA /* Pods-appNotifications.debug.xcconfig */,
				9F8D43F6B960229EB0208473 /* Pods-appNotifications.release.xcconfig */,
			);
			path = Pods;
			sourceTree = "<group>";
		};
		179913BB4D7AFC83328F94F9 /* Frameworks */ = {
			isa = PBXGroup;
			children = (
				6E49FF6AEE79530892F81A1E /* Pods_appNotifications.framework */,
			);
			name = Frameworks;
			sourceTree = "<group>";
		};
		83234CBA23158AF600FA2F1B = {
			isa = PBXGroup;
			children = (
				83234CC523158AF600FA2F1B /* appNotifications */,
				83234CC423158AF600FA2F1B /* Products */,
				0070397E9E05A54663897BD1 /* Pods */,
				179913BB4D7AFC83328F94F9 /* Frameworks */,
			);
			sourceTree = "<group>";
		};
		83234CC423158AF600FA2F1B /* Products */ = {
			isa = PBXGroup;
			children = (
				83234CC323158AF600FA2F1B /* appNotifications.app */,
			);
			name = Products;
			sourceTree = "<group>";
		};
		83234CC523158AF600FA2F1B /* appNotifications */ = {
			isa = PBXGroup;
			children = (
				83234CD823158E3600FA2F1B /* appNotifications.entitlements */,
				7BBFC55923170BAB0017AC47 /* GoogleService-Info.plist */,
				83234CC623158AF600FA2F1B /* AppDelegate.swift */,
				83234CC823158AF600FA2F1B /* ViewController.swift */,
				83234CD92315929A00FA2F1B /* PushNotifications.swift */,
				83234CCA23158AF600FA2F1B /* Main.storyboard */,
				83234CCD23158AF800FA2F1B /* Assets.xcassets */,
				83234CCF23158AF800FA2F1B /* LaunchScreen.storyboard */,
				83234CD223158AF800FA2F1B /* Info.plist */,
			);
			path = appNotifications;
			sourceTree = "<group>";
		};
/* End PBXGroup section */

/* Begin PBXNativeTarget section */
		83234CC223158AF600FA2F1B /* appNotifications */ = {
			isa = PBXNativeTarget;
			buildConfigurationList = 83234CD523158AF800FA2F1B /* Build configuration list for PBXNativeTarget "appNotifications" */;
			buildPhases = (
				F55BFB056ADCA0F562E72F03 /* [CP] Check Pods Manifest.lock */,
				83234CBF23158AF600FA2F1B /* Sources */,
				83234CC023158AF600FA2F1B /* Frameworks */,
				83234CC123158AF600FA2F1B /* Resources */,
				B4D6E1261D61154810107421 /* [CP] Embed Pods Frameworks */,
			);
			buildRules = (
			);
			dependencies = (
			);
			name = appNotifications;
			productName = appNotifications;
			productReference = 83234CC323158AF600FA2F1B /* appNotifications.app */;
			productType = "com.apple.product-type.application";
		};
/* End PBXNativeTarget section */

/* Begin PBXProject section */
		83234CBB23158AF600FA2F1B /* Project object */ = {
			isa = PBXProject;
			attributes = {
				LastSwiftUpdateCheck = 1010;
				LastUpgradeCheck = 1010;
				ORGANIZATIONNAME = "Cristian Parra";
				TargetAttributes = {
					83234CC223158AF600FA2F1B = {
						CreatedOnToolsVersion = 10.1;
						SystemCapabilities = {
							com.apple.BackgroundModes = {
								enabled = 1;
							};
							com.apple.Keychain = {
								enabled = 1;
							};
							com.apple.Push = {
								enabled = 1;
							};
						};
					};
				};
			};
			buildConfigurationList = 83234CBE23158AF600FA2F1B /* Build configuration list for PBXProject "appNotifications" */;
			compatibilityVersion = "Xcode 9.3";
			developmentRegion = en;
			hasScannedForEncodings = 0;
			knownRegions = (
				en,
				Base,
			);
			mainGroup = 83234CBA23158AF600FA2F1B;
			productRefGroup = 83234CC423158AF600FA2F1B /* Products */;
			projectDirPath = "";
			projectRoot = "";
			targets = (
				83234CC223158AF600FA2F1B /* appNotifications */,
			);
		};
/* End PBXProject section */

/* Begin PBXResourcesBuildPhase section */
		83234CC123158AF600FA2F1B /* Resources */ = {
			isa = PBXResourcesBuildPhase;
			buildActionMask = 2147483647;
			files = (
				7BBFC55A23170BAB0017AC47 /* GoogleService-Info.plist in Resources */,
				83234CD123158AF800FA2F1B /* LaunchScreen.storyboard in Resources */,
				83234CCE23158AF800FA2F1B /* Assets.xcassets in Resources */,
				83234CCC23158AF600FA2F1B /* Main.storyboard in Resources */,
			);
			runOnlyForDeploymentPostprocessing = 0;
		};
/* End PBXResourcesBuildPhase section */

/* Begin PBXShellScriptBuildPhase section */
		B4D6E1261D61154810107421 /* [CP] Embed Pods Frameworks */ = {
			isa = PBXShellScriptBuildPhase;
			buildActionMask = 2147483647;
			files = (
			);
			inputFileListPaths = (
				"${PODS_ROOT}/Target Support Files/Pods-appNotifications/Pods-appNotifications-frameworks-${CONFIGURATION}-input-files.xcfilelist",
			);
			name = "[CP] Embed Pods Frameworks";
			outputFileListPaths = (
				"${PODS_ROOT}/Target Support Files/Pods-appNotifications/Pods-appNotifications-frameworks-${CONFIGURATION}-output-files.xcfilelist",
			);
			runOnlyForDeploymentPostprocessing = 0;
			shellPath = /bin/sh;
			shellScript = "\"${PODS_ROOT}/Target Support Files/Pods-appNotifications/Pods-appNotifications-frameworks.sh\"\n";
			showEnvVarsInLog = 0;
		};
		F55BFB056ADCA0F562E72F03 /* [CP] Check Pods Manifest.lock */ = {
			isa = PBXShellScriptBuildPhase;
			buildActionMask = 2147483647;
			files = (
			);
			inputFileListPaths = (
			);
			inputPaths = (
				"${PODS_PODFILE_DIR_PATH}/Podfile.lock",
				"${PODS_ROOT}/Manifest.lock",
			);
			name = "[CP] Check Pods Manifest.lock";
			outputFileListPaths = (
			);
			outputPaths = (
				"$(DERIVED_FILE_DIR)/Pods-appNotifications-checkManifestLockResult.txt",
			);
			runOnlyForDeploymentPostprocessing = 0;
			shellPath = /bin/sh;
			shellScript = "diff \"${PODS_PODFILE_DIR_PATH}/Podfile.lock\" \"${PODS_ROOT}/Manifest.lock\" > /dev/null\nif [ $? != 0 ] ; then\n    # print error to STDERR\n    echo \"error: The sandbox is not in sync with the Podfile.lock. Run 'pod install' or update your CocoaPods installation.\" >&2\n    exit 1\nfi\n# This output is used by Xcode 'outputs' to avoid re-running this script phase.\necho \"SUCCESS\" > \"${SCRIPT_OUTPUT_FILE_0}\"\n";
			showEnvVarsInLog = 0;
		};
/* End PBXShellScriptBuildPhase section */

/* Begin PBXSourcesBuildPhase section */
		83234CBF23158AF600FA2F1B /* Sources */ = {
			isa = PBXSourcesBuildPhase;
			buildActionMask = 2147483647;
			files = (
				83234CC923158AF600FA2F1B /* ViewController.swift in Sources */,
				83234CC723158AF600FA2F1B /* AppDelegate.swift in Sources */,
				83234CDA2315929A00FA2F1B /* PushNotifications.swift in Sources */,
			);
			runOnlyForDeploymentPostprocessing = 0;
		};
/* End PBXSourcesBuildPhase section */

/* Begin PBXVariantGroup section */
		83234CCA23158AF600FA2F1B /* Main.storyboard */ = {
			isa = PBXVariantGroup;
			children = (
				83234CCB23158AF600FA2F1B /* Base */,
			);
			name = Main.storyboard;
			sourceTree = "<group>";
		};
		83234CCF23158AF800FA2F1B /* LaunchScreen.storyboard */ = {
			isa = PBXVariantGroup;
			children = (
				83234CD023158AF800FA2F1B /* Base */,
			);
			name = LaunchScreen.storyboard;
			sourceTree = "<group>";
		};
/* End PBXVariantGroup section */

/* Begin XCBuildConfiguration section */
		83234CD323158AF800FA2F1B /* Debug */ = {
			isa = XCBuildConfiguration;
			buildSettings = {
				ALWAYS_SEARCH_USER_PATHS = NO;
				CLANG_ANALYZER_NONNULL = YES;
				CLANG_ANALYZER_NUMBER_OBJECT_CONVERSION = YES_AGGRESSIVE;
				CLANG_CXX_LANGUAGE_STANDARD = "gnu++14";
				CLANG_CXX_LIBRARY = "libc++";
				CLANG_ENABLE_MODULES = YES;
				CLANG_ENABLE_OBJC_ARC = YES;
				CLANG_ENABLE_OBJC_WEAK = YES;
				CLANG_WARN_BLOCK_CAPTURE_AUTORELEASING = YES;
				CLANG_WARN_BOOL_CONVERSION = YES;
				CLANG_WARN_COMMA = YES;
				CLANG_WARN_CONSTANT_CONVERSION = YES;
				CLANG_WARN_DEPRECATED_OBJC_IMPLEMENTATIONS = YES;
				CLANG_WARN_DIRECT_OBJC_ISA_USAGE = YES_ERROR;
				CLANG_WARN_DOCUMENTATION_COMMENTS = YES;
				CLANG_WARN_EMPTY_BODY = YES;
				CLANG_WARN_ENUM_CONVERSION = YES;
				CLANG_WARN_INFINITE_RECURSION = YES;
				CLANG_WARN_INT_CONVERSION = YES;
				CLANG_WARN_NON_LITERAL_NULL_CONVERSION = YES;
				CLANG_WARN_OBJC_IMPLICIT_RETAIN_SELF = YES;
				CLANG_WARN_OBJC_LITERAL_CONVERSION = YES;
				CLANG_WARN_OBJC_ROOT_CLASS = YES_ERROR;
				CLANG_WARN_RANGE_LOOP_ANALYSIS = YES;
				CLANG_WARN_STRICT_PROTOTYPES = YES;
				CLANG_WARN_SUSPICIOUS_MOVE = YES;
				CLANG_WARN_UNGUARDED_AVAILABILITY = YES_AGGRESSIVE;
				CLANG_WARN_UNREACHABLE_CODE = YES;
				CLANG_WARN__DUPLICATE_METHOD_MATCH = YES;
				CODE_SIGN_IDENTITY = "iPhone Developer";
				COPY_PHASE_STRIP = NO;
				DEBUG_INFORMATION_FORMAT = dwarf;
				ENABLE_STRICT_OBJC_MSGSEND = YES;
				ENABLE_TESTABILITY = YES;
				GCC_C_LANGUAGE_STANDARD = gnu11;
				GCC_DYNAMIC_NO_PIC = NO;
				GCC_NO_COMMON_BLOCKS = YES;
				GCC_OPTIMIZATION_LEVEL = 0;
				GCC_PREPROCESSOR_DEFINITIONS = (
					"DEBUG=1",
					"$(inherited)",
				);
				GCC_WARN_64_TO_32_BIT_CONVERSION = YES;
				GCC_WARN_ABOUT_RETURN_TYPE = YES_ERROR;
				GCC_WARN_UNDECLARED_SELECTOR = YES;
				GCC_WARN_UNINITIALIZED_AUTOS = YES_AGGRESSIVE;
				GCC_WARN_UNUSED_FUNCTION = YES;
				GCC_WARN_UNUSED_VARIABLE = YES;
				IPHONEOS_DEPLOYMENT_TARGET = 12.1;
				MTL_ENABLE_DEBUG_INFO = INCLUDE_SOURCE;
				MTL_FAST_MATH = YES;
				ONLY_ACTIVE_ARCH = YES;
				SDKROOT = iphoneos;
				SWIFT_ACTIVE_COMPILATION_CONDITIONS = DEBUG;
				SWIFT_OPTIMIZATION_LEVEL = "-Onone";
			};
			name = Debug;
		};
		83234CD423158AF800FA2F1B /* Release */ = {
			isa = XCBuildConfiguration;
			buildSettings = {
				ALWAYS_SEARCH_USER_PATHS = NO;
				CLANG_ANALYZER_NONNULL = YES;
				CLANG_ANALYZER_NUMBER_OBJECT_CONVERSION = YES_AGGRESSIVE;
				CLANG_CXX_LANGUAGE_STANDARD = "gnu++14";
				CLANG_CXX_LIBRARY = "libc++";
				CLANG_ENABLE_MODULES = YES;
				CLANG_ENABLE_OBJC_ARC = YES;
				CLANG_ENABLE_OBJC_WEAK = YES;
				CLANG_WARN_BLOCK_CAPTURE_AUTORELEASING = YES;
				CLANG_WARN_BOOL_CONVERSION = YES;
				CLANG_WARN_COMMA = YES;
				CLANG_WARN_CONSTANT_CONVERSION = YES;
				CLANG_WARN_DEPRECATED_OBJC_IMPLEMENTATIONS = YES;
				CLANG_WARN_DIRECT_OBJC_ISA_USAGE = YES_ERROR;
				CLANG_WARN_DOCUMENTATION_COMMENTS = YES;
				CLANG_WARN_EMPTY_BODY = YES;
				CLANG_WARN_ENUM_CONVERSION = YES;
				CLANG_WARN_INFINITE_RECURSION = YES;
				CLANG_WARN_INT_CONVERSION = YES;
				CLANG_WARN_NON_LITERAL_NULL_CONVERSION = YES;
				CLANG_WARN_OBJC_IMPLICIT_RETAIN_SELF = YES;
				CLANG_WARN_OBJC_LITERAL_CONVERSION = YES;
				CLANG_WARN_OBJC_ROOT_CLASS = YES_ERROR;
				CLANG_WARN_RANGE_LOOP_ANALYSIS = YES;
				CLANG_WARN_STRICT_PROTOTYPES = YES;
				CLANG_WARN_SUSPICIOUS_MOVE = YES;
				CLANG_WARN_UNGUARDED_AVAILABILITY = YES_AGGRESSIVE;
				CLANG_WARN_UNREACHABLE_CODE = YES;
				CLANG_WARN__DUPLICATE_METHOD_MATCH = YES;
				CODE_SIGN_IDENTITY = "iPhone Developer";
				COPY_PHASE_STRIP = NO;
				DEBUG_INFORMATION_FORMAT = "dwarf-with-dsym";
				ENABLE_NS_ASSERTIONS = NO;
				ENABLE_STRICT_OBJC_MSGSEND = YES;
				GCC_C_LANGUAGE_STANDARD = gnu11;
				GCC_NO_COMMON_BLOCKS = YES;
				GCC_WARN_64_TO_32_BIT_CONVERSION = YES;
				GCC_WARN_ABOUT_RETURN_TYPE = YES_ERROR;
				GCC_WARN_UNDECLARED_SELECTOR = YES;
				GCC_WARN_UNINITIALIZED_AUTOS = YES_AGGRESSIVE;
				GCC_WARN_UNUSED_FUNCTION = YES;
				GCC_WARN_UNUSED_VARIABLE = YES;
				IPHONEOS_DEPLOYMENT_TARGET = 12.1;
				MTL_ENABLE_DEBUG_INFO = NO;
				MTL_FAST_MATH = YES;
				SDKROOT = iphoneos;
				SWIFT_COMPILATION_MODE = wholemodule;
				SWIFT_OPTIMIZATION_LEVEL = "-O";
				VALIDATE_PRODUCT = YES;
			};
			name = Release;
		};
		83234CD623158AF800FA2F1B /* Debug */ = {
			isa = XCBuildConfiguration;
			baseConfigurationReference = 6E1EACDE18C27C5BEC52C3DA /* Pods-appNotifications.debug.xcconfig */;
			buildSettings = {
				ASSETCATALOG_COMPILER_APPICON_NAME = AppIcon;
				CODE_SIGN_ENTITLEMENTS = appNotifications/appNotifications.entitlements;
				CODE_SIGN_STYLE = Automatic;
				DEVELOPMENT_TEAM = P896AB2AMC;
				INFOPLIST_FILE = appNotifications/Info.plist;
				LD_RUNPATH_SEARCH_PATHS = (
					"$(inherited)",
					"@executable_path/Frameworks",
				);
				PRODUCT_BUNDLE_IDENTIFIER = trust.appNotifications;
				PRODUCT_NAME = "$(TARGET_NAME)";
				SWIFT_VERSION = 4.2;
				TARGETED_DEVICE_FAMILY = "1,2";
			};
			name = Debug;
		};
		83234CD723158AF800FA2F1B /* Release */ = {
			isa = XCBuildConfiguration;
			baseConfigurationReference = 9F8D43F6B960229EB0208473 /* Pods-appNotifications.release.xcconfig */;
			buildSettings = {
				ASSETCATALOG_COMPILER_APPICON_NAME = AppIcon;
				CODE_SIGN_ENTITLEMENTS = appNotifications/appNotifications.entitlements;
				CODE_SIGN_STYLE = Automatic;
				DEVELOPMENT_TEAM = P896AB2AMC;
				INFOPLIST_FILE = appNotifications/Info.plist;
				LD_RUNPATH_SEARCH_PATHS = (
					"$(inherited)",
					"@executable_path/Frameworks",
				);
				PRODUCT_BUNDLE_IDENTIFIER = trust.appNotifications;
				PRODUCT_NAME = "$(TARGET_NAME)";
				SWIFT_VERSION = 4.2;
				TARGETED_DEVICE_FAMILY = "1,2";
			};
			name = Release;
		};
/* End XCBuildConfiguration section */

/* Begin XCConfigurationList section */
		83234CBE23158AF600FA2F1B /* Build configuration list for PBXProject "appNotifications" */ = {
			isa = XCConfigurationList;
			buildConfigurations = (
				83234CD323158AF800FA2F1B /* Debug */,
				83234CD423158AF800FA2F1B /* Release */,
			);
			defaultConfigurationIsVisible = 0;
			defaultConfigurationName = Release;
		};
		83234CD523158AF800FA2F1B /* Build configuration list for PBXNativeTarget "appNotifications" */ = {
			isa = XCConfigurationList;
			buildConfigurations = (
				83234CD623158AF800FA2F1B /* Debug */,
				83234CD723158AF800FA2F1B /* Release */,
			);
			defaultConfigurationIsVisible = 0;
			defaultConfigurationName = Release;
		};
/* End XCConfigurationList section */
	};
	rootObject = 83234CBB23158AF600FA2F1B /* Project object */;
}
